// !$*UTF8*$!
{
	archiveVersion = 1;
	classes = {
	};
	objectVersion = 50;
	objects = {

/* Begin PBXBuildFile section */
		934366EA8EFD3F913AC910F7 /* Pods_Notify_Nearby_Redesign.framework in Frameworks */ = {isa = PBXBuildFile; fileRef = D5F012C12D7F2083FE7F68F2 /* Pods_Notify_Nearby_Redesign.framework */; };
		F802D3082142C9A0001934A2 /* TopInterestCollectionViewCell.swift in Sources */ = {isa = PBXBuildFile; fileRef = F802D3072142C9A0001934A2 /* TopInterestCollectionViewCell.swift */; };
		F802D30A2142CEA8001934A2 /* RoundedLabel.swift in Sources */ = {isa = PBXBuildFile; fileRef = F802D3092142CEA8001934A2 /* RoundedLabel.swift */; };
		F802D30D2142EAB0001934A2 /* MyInterestTableViewCell.swift in Sources */ = {isa = PBXBuildFile; fileRef = F802D30C2142EAB0001934A2 /* MyInterestTableViewCell.swift */; };
		F802D30F2142F118001934A2 /* RoundedButton.swift in Sources */ = {isa = PBXBuildFile; fileRef = F802D30E2142F118001934A2 /* RoundedButton.swift */; };
		F802D31121443369001934A2 /* RoundedView.swift in Sources */ = {isa = PBXBuildFile; fileRef = F802D31021443369001934A2 /* RoundedView.swift */; };
		F802D3142144504E001934A2 /* MyFavouriteTableViewCell.swift in Sources */ = {isa = PBXBuildFile; fileRef = F802D3132144504E001934A2 /* MyFavouriteTableViewCell.swift */; };
		F802D3182144FE85001934A2 /* ActivityRightSideMenuVC.swift in Sources */ = {isa = PBXBuildFile; fileRef = F802D3172144FE85001934A2 /* ActivityRightSideMenuVC.swift */; };
		F809ED2F213C72EE007280E5 /* SWRevealViewController.m in Sources */ = {isa = PBXBuildFile; fileRef = F809ED2E213C72EE007280E5 /* SWRevealViewController.m */; };
		F809ED33213D85C4007280E5 /* HomeTVC.swift in Sources */ = {isa = PBXBuildFile; fileRef = F809ED32213D85C4007280E5 /* HomeTVC.swift */; };
		F809ED35213D8D88007280E5 /* SideMenuTVC.swift in Sources */ = {isa = PBXBuildFile; fileRef = F809ED34213D8D88007280E5 /* SideMenuTVC.swift */; };
		F809ED38213D8EE3007280E5 /* SplashVC.swift in Sources */ = {isa = PBXBuildFile; fileRef = F809ED37213D8EE3007280E5 /* SplashVC.swift */; };
		F809ED3A213D8F29007280E5 /* LoginVC.swift in Sources */ = {isa = PBXBuildFile; fileRef = F809ED39213D8F29007280E5 /* LoginVC.swift */; };
		F809ED3C213D9034007280E5 /* SignUpVC.swift in Sources */ = {isa = PBXBuildFile; fileRef = F809ED3B213D9034007280E5 /* SignUpVC.swift */; };
		F809ED3F213D9172007280E5 /* InterestVC.swift in Sources */ = {isa = PBXBuildFile; fileRef = F809ED3E213D9172007280E5 /* InterestVC.swift */; };
		F809ED41213D918A007280E5 /* AdsVC.swift in Sources */ = {isa = PBXBuildFile; fileRef = F809ED40213D918A007280E5 /* AdsVC.swift */; };
		F809ED43213D919F007280E5 /* DiscoveryVC.swift in Sources */ = {isa = PBXBuildFile; fileRef = F809ED42213D919F007280E5 /* DiscoveryVC.swift */; };
		F809ED45213D91D1007280E5 /* JointVC.swift in Sources */ = {isa = PBXBuildFile; fileRef = F809ED44213D91D1007280E5 /* JointVC.swift */; };
		F814588421A8775D001DAA18 /* CategoryTableViewController.swift in Sources */ = {isa = PBXBuildFile; fileRef = F814588321A8775D001DAA18 /* CategoryTableViewController.swift */; };
		F821606D213BC5BC00CA19AD /* TransparentButton.swift in Sources */ = {isa = PBXBuildFile; fileRef = F821606C213BC5BC00CA19AD /* TransparentButton.swift */; };
		F83598D1213BCE1700BFF1D8 /* CustomView.swift in Sources */ = {isa = PBXBuildFile; fileRef = F83598D0213BCE1700BFF1D8 /* CustomView.swift */; };
		F83598D3213BD02200BFF1D8 /* CustomTextField.swift in Sources */ = {isa = PBXBuildFile; fileRef = F83598D2213BD02200BFF1D8 /* CustomTextField.swift */; };
		F835E3A8213DBAC900901CFF /* DiscoveryCollectionViewCell.swift in Sources */ = {isa = PBXBuildFile; fileRef = F835E3A7213DBAC900901CFF /* DiscoveryCollectionViewCell.swift */; };
		F835E3AB213DCFFA00901CFF /* Discovery.swift in Sources */ = {isa = PBXBuildFile; fileRef = F835E3AA213DCFFA00901CFF /* Discovery.swift */; };
		F836C104213AFF76005A86F8 /* AppDelegate.swift in Sources */ = {isa = PBXBuildFile; fileRef = F836C103213AFF76005A86F8 /* AppDelegate.swift */; };
		F836C109213AFF76005A86F8 /* Main.storyboard in Resources */ = {isa = PBXBuildFile; fileRef = F836C107213AFF76005A86F8 /* Main.storyboard */; };
		F836C10B213AFF78005A86F8 /* Assets.xcassets in Resources */ = {isa = PBXBuildFile; fileRef = F836C10A213AFF78005A86F8 /* Assets.xcassets */; };
		F836C10E213AFF78005A86F8 /* LaunchScreen.storyboard in Resources */ = {isa = PBXBuildFile; fileRef = F836C10C213AFF78005A86F8 /* LaunchScreen.storyboard */; };
		F838AD2321A966E0007278A3 /* CategoryListViewController.swift in Sources */ = {isa = PBXBuildFile; fileRef = F838AD2221A966E0007278A3 /* CategoryListViewController.swift */; };
		F838AD2521A96803007278A3 /* CategoryListTableViewCell.swift in Sources */ = {isa = PBXBuildFile; fileRef = F838AD2421A96803007278A3 /* CategoryListTableViewCell.swift */; };
		F8670933213EDE0B004CAD58 /* MyInterestVC.swift in Sources */ = {isa = PBXBuildFile; fileRef = F8670932213EDE0B004CAD58 /* MyInterestVC.swift */; };
		F8670935213EDE24004CAD58 /* MyFavouriteVC.swift in Sources */ = {isa = PBXBuildFile; fileRef = F8670934213EDE24004CAD58 /* MyFavouriteVC.swift */; };
		F8670937213EDE63004CAD58 /* AccountTVC.swift in Sources */ = {isa = PBXBuildFile; fileRef = F8670936213EDE63004CAD58 /* AccountTVC.swift */; };
		F8670939213EDEA0004CAD58 /* NotificationTVC.swift in Sources */ = {isa = PBXBuildFile; fileRef = F8670938213EDEA0004CAD58 /* NotificationTVC.swift */; };
		F867093B213EFB48004CAD58 /* RedSmallButton.swift in Sources */ = {isa = PBXBuildFile; fileRef = F867093A213EFB48004CAD58 /* RedSmallButton.swift */; };
		F867093D213EFB8C004CAD58 /* BlackBorderSmallButton.swift in Sources */ = {isa = PBXBuildFile; fileRef = F867093C213EFB8C004CAD58 /* BlackBorderSmallButton.swift */; };
		F874ADD2216BACF7007873FE /* ActivityRightSideMenuTableViewCell.swift in Sources */ = {isa = PBXBuildFile; fileRef = F874ADD1216BACF7007873FE /* ActivityRightSideMenuTableViewCell.swift */; };
		F87BB8A321481D2F00D21AF6 /* User.swift in Sources */ = {isa = PBXBuildFile; fileRef = F87BB8A221481D2F00D21AF6 /* User.swift */; };
		F87D896221AEDEFC00975A1E /* GoogleService-Info.plist in Resources */ = {isa = PBXBuildFile; fileRef = F87D896121AEDEFC00975A1E /* GoogleService-Info.plist */; };
		F895CCD82162A4DA00EAB847 /* JointInterest.swift in Sources */ = {isa = PBXBuildFile; fileRef = F895CCD72162A4DA00EAB847 /* JointInterest.swift */; };
		F8BACEE1216D4E9F007FA7EF /* NotificationTableViewCell.swift in Sources */ = {isa = PBXBuildFile; fileRef = F8BACEE0216D4E9F007FA7EF /* NotificationTableViewCell.swift */; };
		F8BACEE3216D4F22007FA7EF /* NotificationViewController.swift in Sources */ = {isa = PBXBuildFile; fileRef = F8BACEE2216D4F22007FA7EF /* NotificationViewController.swift */; };
		F8BACEE5216D5DED007FA7EF /* Notification.swift in Sources */ = {isa = PBXBuildFile; fileRef = F8BACEE4216D5DED007FA7EF /* Notification.swift */; };
		F8C80980213F009D008FBC44 /* ProfileTVC.swift in Sources */ = {isa = PBXBuildFile; fileRef = F8C8097F213F009D008FBC44 /* ProfileTVC.swift */; };
		F8C80982213F0249008FBC44 /* RoundedImage.swift in Sources */ = {isa = PBXBuildFile; fileRef = F8C80981213F0249008FBC44 /* RoundedImage.swift */; };
		F8C80988213F0934008FBC44 /* StoriesCVC.swift in Sources */ = {isa = PBXBuildFile; fileRef = F8C80987213F0934008FBC44 /* StoriesCVC.swift */; };
		F8C8098A213F0947008FBC44 /* InterestCVC.swift in Sources */ = {isa = PBXBuildFile; fileRef = F8C80989213F0947008FBC44 /* InterestCVC.swift */; };
		F8C8098C213F095D008FBC44 /* FollowersCVC.swift in Sources */ = {isa = PBXBuildFile; fileRef = F8C8098B213F095D008FBC44 /* FollowersCVC.swift */; };
		F8C8099521404F6D008FBC44 /* InterestCollectionViewCell.swift in Sources */ = {isa = PBXBuildFile; fileRef = F8C8099421404F6D008FBC44 /* InterestCollectionViewCell.swift */; };
		F8C80999214069CB008FBC44 /* AdsCollectionViewCell.swift in Sources */ = {isa = PBXBuildFile; fileRef = F8C80998214069CB008FBC44 /* AdsCollectionViewCell.swift */; };
		F8C8099C21406E65008FBC44 /* JointCollectionViewCell.swift in Sources */ = {isa = PBXBuildFile; fileRef = F8C8099B21406E65008FBC44 /* JointCollectionViewCell.swift */; };
		F8C809A021408004008FBC44 /* StoriesCollectionViewCell.swift in Sources */ = {isa = PBXBuildFile; fileRef = F8C8099F21408004008FBC44 /* StoriesCollectionViewCell.swift */; };
		F8C809A221409264008FBC44 /* CoreLocation.framework in Frameworks */ = {isa = PBXBuildFile; fileRef = F8C809A121409264008FBC44 /* CoreLocation.framework */; };
		F8C809A42140926F008FBC44 /* MapKit.framework in Frameworks */ = {isa = PBXBuildFile; fileRef = F8C809A32140926F008FBC44 /* MapKit.framework */; };
		F8CE7999214510C100B965B8 /* StoriesDetailVC.swift in Sources */ = {isa = PBXBuildFile; fileRef = F8CE7998214510C100B965B8 /* StoriesDetailVC.swift */; };
		F8CE799B2145139800B965B8 /* interestStoryDetailCVC.swift in Sources */ = {isa = PBXBuildFile; fileRef = F8CE799A2145139800B965B8 /* interestStoryDetailCVC.swift */; };
		F8CE799D21457F5700B965B8 /* Event.swift in Sources */ = {isa = PBXBuildFile; fileRef = F8CE799C21457F5700B965B8 /* Event.swift */; };
		F8CE79A02145815700B965B8 /* AnnotationView.swift in Sources */ = {isa = PBXBuildFile; fileRef = F8CE799F2145815700B965B8 /* AnnotationView.swift */; };
		F8CE79A32145862D00B965B8 /* EventCalloutView.xib in Resources */ = {isa = PBXBuildFile; fileRef = F8CE79A22145862D00B965B8 /* EventCalloutView.xib */; };
		F8CE79A52145864300B965B8 /* EventCalloutView.swift in Sources */ = {isa = PBXBuildFile; fileRef = F8CE79A42145864300B965B8 /* EventCalloutView.swift */; };
		F8F5B33E214EF79600793248 /* EditProfileTVC.swift in Sources */ = {isa = PBXBuildFile; fileRef = F8F5B33D214EF79600793248 /* EditProfileTVC.swift */; };
		F8FF28CC21A572F300DBED0B /* StoreKit.framework in Frameworks */ = {isa = PBXBuildFile; fileRef = F8FF28CB21A572F300DBED0B /* StoreKit.framework */; };
/* End PBXBuildFile section */

/* Begin PBXFileReference section */
		3E7B8CAEC84FC85C69208E17 /* Pods-Notify Nearby Redesign.release.xcconfig */ = {isa = PBXFileReference; includeInIndex = 1; lastKnownFileType = text.xcconfig; name = "Pods-Notify Nearby Redesign.release.xcconfig"; path = "Pods/Target Support Files/Pods-Notify Nearby Redesign/Pods-Notify Nearby Redesign.release.xcconfig"; sourceTree = "<group>"; };
		545E1CDABABA27ED5C531E15 /* Pods-Notify Nearby Redesign.debug.xcconfig */ = {isa = PBXFileReference; includeInIndex = 1; lastKnownFileType = text.xcconfig; name = "Pods-Notify Nearby Redesign.debug.xcconfig"; path = "Pods/Target Support Files/Pods-Notify Nearby Redesign/Pods-Notify Nearby Redesign.debug.xcconfig"; sourceTree = "<group>"; };
		D5F012C12D7F2083FE7F68F2 /* Pods_Notify_Nearby_Redesign.framework */ = {isa = PBXFileReference; explicitFileType = wrapper.framework; includeInIndex = 0; path = Pods_Notify_Nearby_Redesign.framework; sourceTree = BUILT_PRODUCTS_DIR; };
		F802D3072142C9A0001934A2 /* TopInterestCollectionViewCell.swift */ = {isa = PBXFileReference; lastKnownFileType = sourcecode.swift; path = TopInterestCollectionViewCell.swift; sourceTree = "<group>"; };
		F802D3092142CEA8001934A2 /* RoundedLabel.swift */ = {isa = PBXFileReference; lastKnownFileType = sourcecode.swift; path = RoundedLabel.swift; sourceTree = "<group>"; };
		F802D30C2142EAB0001934A2 /* MyInterestTableViewCell.swift */ = {isa = PBXFileReference; lastKnownFileType = sourcecode.swift; path = MyInterestTableViewCell.swift; sourceTree = "<group>"; };
		F802D30E2142F118001934A2 /* RoundedButton.swift */ = {isa = PBXFileReference; lastKnownFileType = sourcecode.swift; path = RoundedButton.swift; sourceTree = "<group>"; };
		F802D31021443369001934A2 /* RoundedView.swift */ = {isa = PBXFileReference; lastKnownFileType = sourcecode.swift; path = RoundedView.swift; sourceTree = "<group>"; };
		F802D3132144504E001934A2 /* MyFavouriteTableViewCell.swift */ = {isa = PBXFileReference; lastKnownFileType = sourcecode.swift; path = MyFavouriteTableViewCell.swift; sourceTree = "<group>"; };
		F802D3172144FE85001934A2 /* ActivityRightSideMenuVC.swift */ = {isa = PBXFileReference; lastKnownFileType = sourcecode.swift; path = ActivityRightSideMenuVC.swift; sourceTree = "<group>"; };
		F809ED2C213C72ED007280E5 /* Notify Nearby Redesign-Bridging-Header.h */ = {isa = PBXFileReference; lastKnownFileType = sourcecode.c.h; path = "Notify Nearby Redesign-Bridging-Header.h"; sourceTree = "<group>"; };
		F809ED2D213C72EE007280E5 /* SWRevealViewController.h */ = {isa = PBXFileReference; fileEncoding = 4; lastKnownFileType = sourcecode.c.h; path = SWRevealViewController.h; sourceTree = "<group>"; };
		F809ED2E213C72EE007280E5 /* SWRevealViewController.m */ = {isa = PBXFileReference; fileEncoding = 4; lastKnownFileType = sourcecode.c.objc; path = SWRevealViewController.m; sourceTree = "<group>"; };
		F809ED32213D85C4007280E5 /* HomeTVC.swift */ = {isa = PBXFileReference; lastKnownFileType = sourcecode.swift; path = HomeTVC.swift; sourceTree = "<group>"; };
		F809ED34213D8D88007280E5 /* SideMenuTVC.swift */ = {isa = PBXFileReference; lastKnownFileType = sourcecode.swift; path = SideMenuTVC.swift; sourceTree = "<group>"; };
		F809ED37213D8EE3007280E5 /* SplashVC.swift */ = {isa = PBXFileReference; lastKnownFileType = sourcecode.swift; path = SplashVC.swift; sourceTree = "<group>"; };
		F809ED39213D8F29007280E5 /* LoginVC.swift */ = {isa = PBXFileReference; lastKnownFileType = sourcecode.swift; path = LoginVC.swift; sourceTree = "<group>"; };
		F809ED3B213D9034007280E5 /* SignUpVC.swift */ = {isa = PBXFileReference; lastKnownFileType = sourcecode.swift; path = SignUpVC.swift; sourceTree = "<group>"; };
		F809ED3E213D9172007280E5 /* InterestVC.swift */ = {isa = PBXFileReference; lastKnownFileType = sourcecode.swift; path = InterestVC.swift; sourceTree = "<group>"; };
		F809ED40213D918A007280E5 /* AdsVC.swift */ = {isa = PBXFileReference; lastKnownFileType = sourcecode.swift; path = AdsVC.swift; sourceTree = "<group>"; };
		F809ED42213D919F007280E5 /* DiscoveryVC.swift */ = {isa = PBXFileReference; lastKnownFileType = sourcecode.swift; path = DiscoveryVC.swift; sourceTree = "<group>"; };
		F809ED44213D91D1007280E5 /* JointVC.swift */ = {isa = PBXFileReference; lastKnownFileType = sourcecode.swift; path = JointVC.swift; sourceTree = "<group>"; };
		F814588321A8775D001DAA18 /* CategoryTableViewController.swift */ = {isa = PBXFileReference; lastKnownFileType = sourcecode.swift; path = CategoryTableViewController.swift; sourceTree = "<group>"; };
		F821606C213BC5BC00CA19AD /* TransparentButton.swift */ = {isa = PBXFileReference; lastKnownFileType = sourcecode.swift; path = TransparentButton.swift; sourceTree = "<group>"; };
		F83598D0213BCE1700BFF1D8 /* CustomView.swift */ = {isa = PBXFileReference; lastKnownFileType = sourcecode.swift; path = CustomView.swift; sourceTree = "<group>"; };
		F83598D2213BD02200BFF1D8 /* CustomTextField.swift */ = {isa = PBXFileReference; lastKnownFileType = sourcecode.swift; path = CustomTextField.swift; sourceTree = "<group>"; };
		F835E3A7213DBAC900901CFF /* DiscoveryCollectionViewCell.swift */ = {isa = PBXFileReference; lastKnownFileType = sourcecode.swift; path = DiscoveryCollectionViewCell.swift; sourceTree = "<group>"; };
		F835E3AA213DCFFA00901CFF /* Discovery.swift */ = {isa = PBXFileReference; lastKnownFileType = sourcecode.swift; path = Discovery.swift; sourceTree = "<group>"; };
		F836C100213AFF76005A86F8 /* Notify Nearby Redesign.app */ = {isa = PBXFileReference; explicitFileType = wrapper.application; includeInIndex = 0; path = "Notify Nearby Redesign.app"; sourceTree = BUILT_PRODUCTS_DIR; };
		F836C103213AFF76005A86F8 /* AppDelegate.swift */ = {isa = PBXFileReference; lastKnownFileType = sourcecode.swift; path = AppDelegate.swift; sourceTree = "<group>"; };
		F836C108213AFF76005A86F8 /* Base */ = {isa = PBXFileReference; lastKnownFileType = file.storyboard; name = Base; path = Base.lproj/Main.storyboard; sourceTree = "<group>"; };
		F836C10A213AFF78005A86F8 /* Assets.xcassets */ = {isa = PBXFileReference; lastKnownFileType = folder.assetcatalog; path = Assets.xcassets; sourceTree = "<group>"; };
		F836C10D213AFF78005A86F8 /* Base */ = {isa = PBXFileReference; lastKnownFileType = file.storyboard; name = Base; path = Base.lproj/LaunchScreen.storyboard; sourceTree = "<group>"; };
		F836C10F213AFF78005A86F8 /* Info.plist */ = {isa = PBXFileReference; lastKnownFileType = text.plist.xml; path = Info.plist; sourceTree = "<group>"; };
		F838AD2221A966E0007278A3 /* CategoryListViewController.swift */ = {isa = PBXFileReference; lastKnownFileType = sourcecode.swift; path = CategoryListViewController.swift; sourceTree = "<group>"; };
		F838AD2421A96803007278A3 /* CategoryListTableViewCell.swift */ = {isa = PBXFileReference; lastKnownFileType = sourcecode.swift; path = CategoryListTableViewCell.swift; sourceTree = "<group>"; };
		F8670932213EDE0B004CAD58 /* MyInterestVC.swift */ = {isa = PBXFileReference; lastKnownFileType = sourcecode.swift; path = MyInterestVC.swift; sourceTree = "<group>"; };
		F8670934213EDE24004CAD58 /* MyFavouriteVC.swift */ = {isa = PBXFileReference; lastKnownFileType = sourcecode.swift; path = MyFavouriteVC.swift; sourceTree = "<group>"; };
		F8670936213EDE63004CAD58 /* AccountTVC.swift */ = {isa = PBXFileReference; lastKnownFileType = sourcecode.swift; path = AccountTVC.swift; sourceTree = "<group>"; };
		F8670938213EDEA0004CAD58 /* NotificationTVC.swift */ = {isa = PBXFileReference; lastKnownFileType = sourcecode.swift; path = NotificationTVC.swift; sourceTree = "<group>"; };
		F867093A213EFB48004CAD58 /* RedSmallButton.swift */ = {isa = PBXFileReference; lastKnownFileType = sourcecode.swift; path = RedSmallButton.swift; sourceTree = "<group>"; };
		F867093C213EFB8C004CAD58 /* BlackBorderSmallButton.swift */ = {isa = PBXFileReference; lastKnownFileType = sourcecode.swift; path = BlackBorderSmallButton.swift; sourceTree = "<group>"; };
		F874ADD1216BACF7007873FE /* ActivityRightSideMenuTableViewCell.swift */ = {isa = PBXFileReference; lastKnownFileType = sourcecode.swift; path = ActivityRightSideMenuTableViewCell.swift; sourceTree = "<group>"; };
		F87BB8A221481D2F00D21AF6 /* User.swift */ = {isa = PBXFileReference; lastKnownFileType = sourcecode.swift; path = User.swift; sourceTree = "<group>"; };
		F87D896121AEDEFC00975A1E /* GoogleService-Info.plist */ = {isa = PBXFileReference; fileEncoding = 4; lastKnownFileType = text.plist.xml; path = "GoogleService-Info.plist"; sourceTree = "<group>"; };
		F895CCD72162A4DA00EAB847 /* JointInterest.swift */ = {isa = PBXFileReference; lastKnownFileType = sourcecode.swift; path = JointInterest.swift; sourceTree = "<group>"; };
		F8BACEE0216D4E9F007FA7EF /* NotificationTableViewCell.swift */ = {isa = PBXFileReference; lastKnownFileType = sourcecode.swift; path = NotificationTableViewCell.swift; sourceTree = "<group>"; };
		F8BACEE2216D4F22007FA7EF /* NotificationViewController.swift */ = {isa = PBXFileReference; lastKnownFileType = sourcecode.swift; path = NotificationViewController.swift; sourceTree = "<group>"; };
		F8BACEE4216D5DED007FA7EF /* Notification.swift */ = {isa = PBXFileReference; lastKnownFileType = sourcecode.swift; path = Notification.swift; sourceTree = "<group>"; };
		F8C8097F213F009D008FBC44 /* ProfileTVC.swift */ = {isa = PBXFileReference; lastKnownFileType = sourcecode.swift; path = ProfileTVC.swift; sourceTree = "<group>"; };
		F8C80981213F0249008FBC44 /* RoundedImage.swift */ = {isa = PBXFileReference; lastKnownFileType = sourcecode.swift; path = RoundedImage.swift; sourceTree = "<group>"; };
		F8C80987213F0934008FBC44 /* StoriesCVC.swift */ = {isa = PBXFileReference; lastKnownFileType = sourcecode.swift; path = StoriesCVC.swift; sourceTree = "<group>"; };
		F8C80989213F0947008FBC44 /* InterestCVC.swift */ = {isa = PBXFileReference; lastKnownFileType = sourcecode.swift; path = InterestCVC.swift; sourceTree = "<group>"; };
		F8C8098B213F095D008FBC44 /* FollowersCVC.swift */ = {isa = PBXFileReference; lastKnownFileType = sourcecode.swift; path = FollowersCVC.swift; sourceTree = "<group>"; };
		F8C8099421404F6D008FBC44 /* InterestCollectionViewCell.swift */ = {isa = PBXFileReference; lastKnownFileType = sourcecode.swift; path = InterestCollectionViewCell.swift; sourceTree = "<group>"; };
		F8C80998214069CB008FBC44 /* AdsCollectionViewCell.swift */ = {isa = PBXFileReference; lastKnownFileType = sourcecode.swift; path = AdsCollectionViewCell.swift; sourceTree = "<group>"; };
		F8C8099B21406E65008FBC44 /* JointCollectionViewCell.swift */ = {isa = PBXFileReference; lastKnownFileType = sourcecode.swift; path = JointCollectionViewCell.swift; sourceTree = "<group>"; };
		F8C8099F21408004008FBC44 /* StoriesCollectionViewCell.swift */ = {isa = PBXFileReference; lastKnownFileType = sourcecode.swift; path = StoriesCollectionViewCell.swift; sourceTree = "<group>"; };
		F8C809A121409264008FBC44 /* CoreLocation.framework */ = {isa = PBXFileReference; lastKnownFileType = wrapper.framework; name = CoreLocation.framework; path = System/Library/Frameworks/CoreLocation.framework; sourceTree = SDKROOT; };
		F8C809A32140926F008FBC44 /* MapKit.framework */ = {isa = PBXFileReference; lastKnownFileType = wrapper.framework; name = MapKit.framework; path = System/Library/Frameworks/MapKit.framework; sourceTree = SDKROOT; };
		F8CE7998214510C100B965B8 /* StoriesDetailVC.swift */ = {isa = PBXFileReference; lastKnownFileType = sourcecode.swift; path = StoriesDetailVC.swift; sourceTree = "<group>"; };
		F8CE799A2145139800B965B8 /* interestStoryDetailCVC.swift */ = {isa = PBXFileReference; lastKnownFileType = sourcecode.swift; path = interestStoryDetailCVC.swift; sourceTree = "<group>"; };
		F8CE799C21457F5700B965B8 /* Event.swift */ = {isa = PBXFileReference; lastKnownFileType = sourcecode.swift; path = Event.swift; sourceTree = "<group>"; };
		F8CE799F2145815700B965B8 /* AnnotationView.swift */ = {isa = PBXFileReference; fileEncoding = 4; lastKnownFileType = sourcecode.swift; path = AnnotationView.swift; sourceTree = "<group>"; };
		F8CE79A22145862D00B965B8 /* EventCalloutView.xib */ = {isa = PBXFileReference; lastKnownFileType = file.xib; path = EventCalloutView.xib; sourceTree = "<group>"; };
		F8CE79A42145864300B965B8 /* EventCalloutView.swift */ = {isa = PBXFileReference; lastKnownFileType = sourcecode.swift; path = EventCalloutView.swift; sourceTree = "<group>"; };
		F8F5B33D214EF79600793248 /* EditProfileTVC.swift */ = {isa = PBXFileReference; lastKnownFileType = sourcecode.swift; path = EditProfileTVC.swift; sourceTree = "<group>"; };
		F8FF28CB21A572F300DBED0B /* StoreKit.framework */ = {isa = PBXFileReference; lastKnownFileType = wrapper.framework; name = StoreKit.framework; path = System/Library/Frameworks/StoreKit.framework; sourceTree = SDKROOT; };
		F8FF28CD21A5939000DBED0B /* Notify Nearby Redesign.entitlements */ = {isa = PBXFileReference; lastKnownFileType = text.plist.entitlements; path = "Notify Nearby Redesign.entitlements"; sourceTree = "<group>"; };
/* End PBXFileReference section */

/* Begin PBXFrameworksBuildPhase section */
		F836C0FD213AFF76005A86F8 /* Frameworks */ = {
			isa = PBXFrameworksBuildPhase;
			buildActionMask = 2147483647;
			files = (
				F8C809A42140926F008FBC44 /* MapKit.framework in Frameworks */,
				F8C809A221409264008FBC44 /* CoreLocation.framework in Frameworks */,
				934366EA8EFD3F913AC910F7 /* Pods_Notify_Nearby_Redesign.framework in Frameworks */,
				F8FF28CC21A572F300DBED0B /* StoreKit.framework in Frameworks */,
			);
			runOnlyForDeploymentPostprocessing = 0;
		};
/* End PBXFrameworksBuildPhase section */

/* Begin PBXGroup section */
		32E7EEC6D14D25C5BA04EB65 /* Frameworks */ = {
			isa = PBXGroup;
			children = (
				F8FF28CB21A572F300DBED0B /* StoreKit.framework */,
				F8C809A32140926F008FBC44 /* MapKit.framework */,
				F8C809A121409264008FBC44 /* CoreLocation.framework */,
				D5F012C12D7F2083FE7F68F2 /* Pods_Notify_Nearby_Redesign.framework */,
			);
			name = Frameworks;
			sourceTree = "<group>";
		};
		5512C2E0B328F53275CD730B /* Pods */ = {
			isa = PBXGroup;
			children = (
				545E1CDABABA27ED5C531E15 /* Pods-Notify Nearby Redesign.debug.xcconfig */,
				3E7B8CAEC84FC85C69208E17 /* Pods-Notify Nearby Redesign.release.xcconfig */,
			);
			name = Pods;
			sourceTree = "<group>";
		};
		F802D3062142C973001934A2 /* Top Interest Selection */ = {
			isa = PBXGroup;
			children = (
				F802D3072142C9A0001934A2 /* TopInterestCollectionViewCell.swift */,
			);
			path = "Top Interest Selection";
			sourceTree = "<group>";
		};
		F802D30B2142EA91001934A2 /* MyInterest */ = {
			isa = PBXGroup;
			children = (
				F8670932213EDE0B004CAD58 /* MyInterestVC.swift */,
				F802D30C2142EAB0001934A2 /* MyInterestTableViewCell.swift */,
			);
			path = MyInterest;
			sourceTree = "<group>";
		};
		F802D31221445004001934A2 /* MyFavourte */ = {
			isa = PBXGroup;
			children = (
				F8670934213EDE24004CAD58 /* MyFavouriteVC.swift */,
				F802D3132144504E001934A2 /* MyFavouriteTableViewCell.swift */,
			);
			path = MyFavourte;
			sourceTree = "<group>";
		};
		F802D315214456F4001934A2 /* Notification ( Search ) */ = {
			isa = PBXGroup;
			children = (
				F8BACEDF216D4E76007FA7EF /* Modified */,
				F890A2AC2173AF760063B1CB /* Not being used */,
			);
			path = "Notification ( Search )";
			sourceTree = "<group>";
		};
		F802D3162144609D001934A2 /* Account */ = {
			isa = PBXGroup;
			children = (
				F8670936213EDE63004CAD58 /* AccountTVC.swift */,
			);
			path = Account;
			sourceTree = "<group>";
		};
		F809ED31213D8087007280E5 /* SWRevealController */ = {
			isa = PBXGroup;
			children = (
				F809ED2D213C72EE007280E5 /* SWRevealViewController.h */,
				F809ED2E213C72EE007280E5 /* SWRevealViewController.m */,
			);
			path = SWRevealController;
			sourceTree = "<group>";
		};
		F809ED36213D8EBA007280E5 /* Controller */ = {
			isa = PBXGroup;
			children = (
				F809ED37213D8EE3007280E5 /* SplashVC.swift */,
				F809ED47213D92E8007280E5 /* Side Menu */,
				F809ED31213D8087007280E5 /* SWRevealController */,
				F809ED46213D9203007280E5 /* Authentication (not being used) */,
				F809ED3D213D9124007280E5 /* Tab Bar VCs */,
			);
			path = Controller;
			sourceTree = "<group>";
		};
		F809ED3D213D9124007280E5 /* Tab Bar VCs */ = {
			isa = PBXGroup;
			children = (
				F835E3A4213DB9E000901CFF /* Discovery */,
				F8C8099D21407CB7008FBC44 /* Home */,
				F8C8099321404F3D008FBC44 /* Interest */,
				F8C8099721405BA7008FBC44 /* Ads */,
				F8C8099A21406E4C008FBC44 /* Joint */,
			);
			path = "Tab Bar VCs";
			sourceTree = "<group>";
		};
		F809ED46213D9203007280E5 /* Authentication (not being used) */ = {
			isa = PBXGroup;
			children = (
				F809ED39213D8F29007280E5 /* LoginVC.swift */,
				F809ED3B213D9034007280E5 /* SignUpVC.swift */,
			);
			path = "Authentication (not being used)";
			sourceTree = "<group>";
		};
		F809ED47213D92E8007280E5 /* Side Menu */ = {
			isa = PBXGroup;
			children = (
				F809ED48213D9315007280E5 /* Side Menu VCs */,
				F809ED34213D8D88007280E5 /* SideMenuTVC.swift */,
				F874ADD3216BB316007873FE /* Activty Right Side Menu */,
			);
			path = "Side Menu";
			sourceTree = "<group>";
		};
		F809ED48213D9315007280E5 /* Side Menu VCs */ = {
			isa = PBXGroup;
			children = (
				F814588221A87738001DAA18 /* Category */,
				F8C80983213F07F9008FBC44 /* Profile */,
				F802D30B2142EA91001934A2 /* MyInterest */,
				F802D31221445004001934A2 /* MyFavourte */,
				F802D3162144609D001934A2 /* Account */,
				F802D315214456F4001934A2 /* Notification ( Search ) */,
			);
			path = "Side Menu VCs";
			sourceTree = "<group>";
		};
		F814588221A87738001DAA18 /* Category */ = {
			isa = PBXGroup;
			children = (
				F838AD2121A966B6007278A3 /* CatgoryList */,
				F814588321A8775D001DAA18 /* CategoryTableViewController.swift */,
			);
			path = Category;
			sourceTree = "<group>";
		};
		F821606A213BC58500CA19AD /* View */ = {
			isa = PBXGroup;
			children = (
				F8CE799E2145813F00B965B8 /* Callout Views */,
				F835E3A1213DAF5700901CFF /* Custom Library Item Views */,
				F821606B213BC59100CA19AD /* Custom */,
			);
			path = View;
			sourceTree = "<group>";
		};
		F821606B213BC59100CA19AD /* Custom */ = {
			isa = PBXGroup;
			children = (
				F821606C213BC5BC00CA19AD /* TransparentButton.swift */,
				F83598D0213BCE1700BFF1D8 /* CustomView.swift */,
				F83598D2213BD02200BFF1D8 /* CustomTextField.swift */,
				F867093A213EFB48004CAD58 /* RedSmallButton.swift */,
				F867093C213EFB8C004CAD58 /* BlackBorderSmallButton.swift */,
				F8C80981213F0249008FBC44 /* RoundedImage.swift */,
				F802D3092142CEA8001934A2 /* RoundedLabel.swift */,
				F802D30E2142F118001934A2 /* RoundedButton.swift */,
				F802D31021443369001934A2 /* RoundedView.swift */,
			);
			path = Custom;
			sourceTree = "<group>";
		};
		F835E3A1213DAF5700901CFF /* Custom Library Item Views */ = {
			isa = PBXGroup;
			children = (
			);
			path = "Custom Library Item Views";
			sourceTree = "<group>";
		};
		F835E3A4213DB9E000901CFF /* Discovery */ = {
			isa = PBXGroup;
			children = (
				F809ED42213D919F007280E5 /* DiscoveryVC.swift */,
				F835E3A7213DBAC900901CFF /* DiscoveryCollectionViewCell.swift */,
			);
			path = Discovery;
			sourceTree = "<group>";
		};
		F835E3A9213DCFDC00901CFF /* Model */ = {
			isa = PBXGroup;
			children = (
				F835E3AA213DCFFA00901CFF /* Discovery.swift */,
				F8CE799C21457F5700B965B8 /* Event.swift */,
				F87BB8A221481D2F00D21AF6 /* User.swift */,
				F895CCD72162A4DA00EAB847 /* JointInterest.swift */,
				F8BACEE4216D5DED007FA7EF /* Notification.swift */,
			);
			path = Model;
			sourceTree = "<group>";
		};
		F836C0F7213AFF76005A86F8 = {
			isa = PBXGroup;
			children = (
				F836C102213AFF76005A86F8 /* Notify Nearby Redesign */,
				F836C101213AFF76005A86F8 /* Products */,
				5512C2E0B328F53275CD730B /* Pods */,
				32E7EEC6D14D25C5BA04EB65 /* Frameworks */,
			);
			sourceTree = "<group>";
		};
		F836C101213AFF76005A86F8 /* Products */ = {
			isa = PBXGroup;
			children = (
				F836C100213AFF76005A86F8 /* Notify Nearby Redesign.app */,
			);
			name = Products;
			sourceTree = "<group>";
		};
		F836C102213AFF76005A86F8 /* Notify Nearby Redesign */ = {
			isa = PBXGroup;
			children = (
				F87D896121AEDEFC00975A1E /* GoogleService-Info.plist */,
				F8FF28CD21A5939000DBED0B /* Notify Nearby Redesign.entitlements */,
				F835E3A9213DCFDC00901CFF /* Model */,
				F809ED36213D8EBA007280E5 /* Controller */,
				F821606A213BC58500CA19AD /* View */,
				F836C103213AFF76005A86F8 /* AppDelegate.swift */,
				F836C107213AFF76005A86F8 /* Main.storyboard */,
				F836C10A213AFF78005A86F8 /* Assets.xcassets */,
				F836C10C213AFF78005A86F8 /* LaunchScreen.storyboard */,
				F836C10F213AFF78005A86F8 /* Info.plist */,
				F809ED2C213C72ED007280E5 /* Notify Nearby Redesign-Bridging-Header.h */,
			);
			path = "Notify Nearby Redesign";
			sourceTree = "<group>";
		};
		F838AD2121A966B6007278A3 /* CatgoryList */ = {
			isa = PBXGroup;
			children = (
				F838AD2221A966E0007278A3 /* CategoryListViewController.swift */,
				F838AD2421A96803007278A3 /* CategoryListTableViewCell.swift */,
			);
			path = CatgoryList;
			sourceTree = "<group>";
		};
		F874ADD3216BB316007873FE /* Activty Right Side Menu */ = {
			isa = PBXGroup;
			children = (
				F802D3172144FE85001934A2 /* ActivityRightSideMenuVC.swift */,
				F874ADD1216BACF7007873FE /* ActivityRightSideMenuTableViewCell.swift */,
			);
			path = "Activty Right Side Menu";
			sourceTree = "<group>";
		};
		F890A2AC2173AF760063B1CB /* Not being used */ = {
			isa = PBXGroup;
			children = (
				F8670938213EDEA0004CAD58 /* NotificationTVC.swift */,
			);
			path = "Not being used";
			sourceTree = "<group>";
		};
		F8BACEDF216D4E76007FA7EF /* Modified */ = {
			isa = PBXGroup;
			children = (
				F8BACEE0216D4E9F007FA7EF /* NotificationTableViewCell.swift */,
				F8BACEE2216D4F22007FA7EF /* NotificationViewController.swift */,
			);
			path = Modified;
			sourceTree = "<group>";
		};
		F8C80983213F07F9008FBC44 /* Profile */ = {
			isa = PBXGroup;
			children = (
				F8F5B338214EF6A300793248 /* Edit Profile */,
				F8C80986213F088D008FBC44 /* Followers */,
				F8C80985213F0884008FBC44 /* Interests */,
				F8C80984213F0879008FBC44 /* Stories */,
				F8C8097F213F009D008FBC44 /* ProfileTVC.swift */,
			);
			path = Profile;
			sourceTree = "<group>";
		};
		F8C80984213F0879008FBC44 /* Stories */ = {
			isa = PBXGroup;
			children = (
				F8C80987213F0934008FBC44 /* StoriesCVC.swift */,
			);
			path = Stories;
			sourceTree = "<group>";
		};
		F8C80985213F0884008FBC44 /* Interests */ = {
			isa = PBXGroup;
			children = (
				F8C80989213F0947008FBC44 /* InterestCVC.swift */,
			);
			path = Interests;
			sourceTree = "<group>";
		};
		F8C80986213F088D008FBC44 /* Followers */ = {
			isa = PBXGroup;
			children = (
				F8C8098B213F095D008FBC44 /* FollowersCVC.swift */,
			);
			path = Followers;
			sourceTree = "<group>";
		};
		F8C8099321404F3D008FBC44 /* Interest */ = {
			isa = PBXGroup;
			children = (
				F802D3062142C973001934A2 /* Top Interest Selection */,
				F809ED3E213D9172007280E5 /* InterestVC.swift */,
				F8C8099421404F6D008FBC44 /* InterestCollectionViewCell.swift */,
			);
			path = Interest;
			sourceTree = "<group>";
		};
		F8C8099721405BA7008FBC44 /* Ads */ = {
			isa = PBXGroup;
			children = (
				F809ED40213D918A007280E5 /* AdsVC.swift */,
				F8C80998214069CB008FBC44 /* AdsCollectionViewCell.swift */,
			);
			path = Ads;
			sourceTree = "<group>";
		};
		F8C8099A21406E4C008FBC44 /* Joint */ = {
			isa = PBXGroup;
			children = (
				F809ED44213D91D1007280E5 /* JointVC.swift */,
				F8C8099B21406E65008FBC44 /* JointCollectionViewCell.swift */,
			);
			path = Joint;
			sourceTree = "<group>";
		};
		F8C8099D21407CB7008FBC44 /* Home */ = {
			isa = PBXGroup;
			children = (
				F8CE79972145109500B965B8 /* Stories Detail on next VC */,
				F8C8099E21407FDF008FBC44 /* Stories */,
				F809ED32213D85C4007280E5 /* HomeTVC.swift */,
			);
			path = Home;
			sourceTree = "<group>";
		};
		F8C8099E21407FDF008FBC44 /* Stories */ = {
			isa = PBXGroup;
			children = (
				F8C8099F21408004008FBC44 /* StoriesCollectionViewCell.swift */,
			);
			path = Stories;
			sourceTree = "<group>";
		};
		F8CE79972145109500B965B8 /* Stories Detail on next VC */ = {
			isa = PBXGroup;
			children = (
				F8CE7998214510C100B965B8 /* StoriesDetailVC.swift */,
				F8CE799A2145139800B965B8 /* interestStoryDetailCVC.swift */,
			);
			path = "Stories Detail on next VC";
			sourceTree = "<group>";
		};
		F8CE799E2145813F00B965B8 /* Callout Views */ = {
			isa = PBXGroup;
			children = (
				F8CE79A1214585FD00B965B8 /* Event Callout View */,
				F8CE799F2145815700B965B8 /* AnnotationView.swift */,
			);
			path = "Callout Views";
			sourceTree = "<group>";
		};
		F8CE79A1214585FD00B965B8 /* Event Callout View */ = {
			isa = PBXGroup;
			children = (
				F8CE79A22145862D00B965B8 /* EventCalloutView.xib */,
				F8CE79A42145864300B965B8 /* EventCalloutView.swift */,
			);
			path = "Event Callout View";
			sourceTree = "<group>";
		};
		F8F5B338214EF6A300793248 /* Edit Profile */ = {
			isa = PBXGroup;
			children = (
				F8F5B33D214EF79600793248 /* EditProfileTVC.swift */,
			);
			path = "Edit Profile";
			sourceTree = "<group>";
		};
/* End PBXGroup section */

/* Begin PBXNativeTarget section */
		F836C0FF213AFF76005A86F8 /* Notify Nearby Redesign */ = {
			isa = PBXNativeTarget;
			buildConfigurationList = F836C112213AFF78005A86F8 /* Build configuration list for PBXNativeTarget "Notify Nearby Redesign" */;
			buildPhases = (
				38F7EEC452610EFF949DCB71 /* [CP] Check Pods Manifest.lock */,
				F836C0FC213AFF76005A86F8 /* Sources */,
				F836C0FD213AFF76005A86F8 /* Frameworks */,
				F836C0FE213AFF76005A86F8 /* Resources */,
				422AC29E2A1902DA81835309 /* [CP] Embed Pods Frameworks */,
			);
			buildRules = (
			);
			dependencies = (
			);
			name = "Notify Nearby Redesign";
			productName = "Notify Nearby Redesign";
			productReference = F836C100213AFF76005A86F8 /* Notify Nearby Redesign.app */;
			productType = "com.apple.product-type.application";
		};
/* End PBXNativeTarget section */

/* Begin PBXProject section */
		F836C0F8213AFF76005A86F8 /* Project object */ = {
			isa = PBXProject;
			attributes = {
				LastSwiftUpdateCheck = 0940;
				LastUpgradeCheck = 0940;
				ORGANIZATIONNAME = nomanikram;
				TargetAttributes = {
					F836C0FF213AFF76005A86F8 = {
						CreatedOnToolsVersion = 9.4.1;
						LastSwiftMigration = 0940;
						SystemCapabilities = {
							com.apple.BackgroundModes = {
								enabled = 1;
							};
							com.apple.InAppPurchase = {
								enabled = 1;
							};
							com.apple.Push = {
								enabled = 1;
							};
						};
					};
				};
			};
			buildConfigurationList = F836C0FB213AFF76005A86F8 /* Build configuration list for PBXProject "Notify Nearby Redesign" */;
			compatibilityVersion = "Xcode 9.3";
			developmentRegion = en;
			hasScannedForEncodings = 0;
			knownRegions = (
				en,
				Base,
			);
			mainGroup = F836C0F7213AFF76005A86F8;
			productRefGroup = F836C101213AFF76005A86F8 /* Products */;
			projectDirPath = "";
			projectRoot = "";
			targets = (
				F836C0FF213AFF76005A86F8 /* Notify Nearby Redesign */,
			);
		};
/* End PBXProject section */

/* Begin PBXResourcesBuildPhase section */
		F836C0FE213AFF76005A86F8 /* Resources */ = {
			isa = PBXResourcesBuildPhase;
			buildActionMask = 2147483647;
			files = (
				F836C10E213AFF78005A86F8 /* LaunchScreen.storyboard in Resources */,
				F836C10B213AFF78005A86F8 /* Assets.xcassets in Resources */,
				F87D896221AEDEFC00975A1E /* GoogleService-Info.plist in Resources */,
				F8CE79A32145862D00B965B8 /* EventCalloutView.xib in Resources */,
				F836C109213AFF76005A86F8 /* Main.storyboard in Resources */,
			);
			runOnlyForDeploymentPostprocessing = 0;
		};
/* End PBXResourcesBuildPhase section */

/* Begin PBXShellScriptBuildPhase section */
		38F7EEC452610EFF949DCB71 /* [CP] Check Pods Manifest.lock */ = {
			isa = PBXShellScriptBuildPhase;
			buildActionMask = 2147483647;
			files = (
			);
			inputPaths = (
				"${PODS_PODFILE_DIR_PATH}/Podfile.lock",
				"${PODS_ROOT}/Manifest.lock",
			);
			name = "[CP] Check Pods Manifest.lock";
			outputPaths = (
				"$(DERIVED_FILE_DIR)/Pods-Notify Nearby Redesign-checkManifestLockResult.txt",
			);
			runOnlyForDeploymentPostprocessing = 0;
			shellPath = /bin/sh;
			shellScript = "diff \"${PODS_PODFILE_DIR_PATH}/Podfile.lock\" \"${PODS_ROOT}/Manifest.lock\" > /dev/null\nif [ $? != 0 ] ; then\n    # print error to STDERR\n    echo \"error: The sandbox is not in sync with the Podfile.lock. Run 'pod install' or update your CocoaPods installation.\" >&2\n    exit 1\nfi\n# This output is used by Xcode 'outputs' to avoid re-running this script phase.\necho \"SUCCESS\" > \"${SCRIPT_OUTPUT_FILE_0}\"\n";
			showEnvVarsInLog = 0;
		};
		422AC29E2A1902DA81835309 /* [CP] Embed Pods Frameworks */ = {
			isa = PBXShellScriptBuildPhase;
			buildActionMask = 2147483647;
			files = (
			);
			inputPaths = (
				"${SRCROOT}/Pods/Target Support Files/Pods-Notify Nearby Redesign/Pods-Notify Nearby Redesign-frameworks.sh",
				"${BUILT_PRODUCTS_DIR}/Alamofire/Alamofire.framework",
				"${BUILT_PRODUCTS_DIR}/GTMSessionFetcher/GTMSessionFetcher.framework",
				"${BUILT_PRODUCTS_DIR}/GoogleUtilities/GoogleUtilities.framework",
				"${BUILT_PRODUCTS_DIR}/Protobuf/Protobuf.framework",
				"${BUILT_PRODUCTS_DIR}/SDWebImage/SDWebImage.framework",
				"${BUILT_PRODUCTS_DIR}/SVProgressHUD/SVProgressHUD.framework",
				"${BUILT_PRODUCTS_DIR}/SwiftSoup/SwiftSoup.framework",
				"${BUILT_PRODUCTS_DIR}/SwiftyJSON/SwiftyJSON.framework",
				"${BUILT_PRODUCTS_DIR}/SwiftyStoreKit/SwiftyStoreKit.framework",
				"${BUILT_PRODUCTS_DIR}/leveldb-library/leveldb.framework",
				"${BUILT_PRODUCTS_DIR}/nanopb/nanopb.framework",
			);
			name = "[CP] Embed Pods Frameworks";
			outputPaths = (
				"${TARGET_BUILD_DIR}/${FRAMEWORKS_FOLDER_PATH}/Alamofire.framework",
				"${TARGET_BUILD_DIR}/${FRAMEWORKS_FOLDER_PATH}/GTMSessionFetcher.framework",
				"${TARGET_BUILD_DIR}/${FRAMEWORKS_FOLDER_PATH}/GoogleUtilities.framework",
				"${TARGET_BUILD_DIR}/${FRAMEWORKS_FOLDER_PATH}/Protobuf.framework",
				"${TARGET_BUILD_DIR}/${FRAMEWORKS_FOLDER_PATH}/SDWebImage.framework",
				"${TARGET_BUILD_DIR}/${FRAMEWORKS_FOLDER_PATH}/SVProgressHUD.framework",
				"${TARGET_BUILD_DIR}/${FRAMEWORKS_FOLDER_PATH}/SwiftSoup.framework",
				"${TARGET_BUILD_DIR}/${FRAMEWORKS_FOLDER_PATH}/SwiftyJSON.framework",
				"${TARGET_BUILD_DIR}/${FRAMEWORKS_FOLDER_PATH}/SwiftyStoreKit.framework",
				"${TARGET_BUILD_DIR}/${FRAMEWORKS_FOLDER_PATH}/leveldb.framework",
				"${TARGET_BUILD_DIR}/${FRAMEWORKS_FOLDER_PATH}/nanopb.framework",
			);
			runOnlyForDeploymentPostprocessing = 0;
			shellPath = /bin/sh;
			shellScript = "\"${SRCROOT}/Pods/Target Support Files/Pods-Notify Nearby Redesign/Pods-Notify Nearby Redesign-frameworks.sh\"\n";
			showEnvVarsInLog = 0;
		};
/* End PBXShellScriptBuildPhase section */

/* Begin PBXSourcesBuildPhase section */
		F836C0FC213AFF76005A86F8 /* Sources */ = {
			isa = PBXSourcesBuildPhase;
			buildActionMask = 2147483647;
			files = (
				F809ED43213D919F007280E5 /* DiscoveryVC.swift in Sources */,
				F8CE7999214510C100B965B8 /* StoriesDetailVC.swift in Sources */,
				F809ED38213D8EE3007280E5 /* SplashVC.swift in Sources */,
				F8670933213EDE0B004CAD58 /* MyInterestVC.swift in Sources */,
				F8C80988213F0934008FBC44 /* StoriesCVC.swift in Sources */,
				F8CE799B2145139800B965B8 /* interestStoryDetailCVC.swift in Sources */,
				F835E3AB213DCFFA00901CFF /* Discovery.swift in Sources */,
				F802D3142144504E001934A2 /* MyFavouriteTableViewCell.swift in Sources */,
				F809ED3F213D9172007280E5 /* InterestVC.swift in Sources */,
				F867093D213EFB8C004CAD58 /* BlackBorderSmallButton.swift in Sources */,
				F821606D213BC5BC00CA19AD /* TransparentButton.swift in Sources */,
				F8F5B33E214EF79600793248 /* EditProfileTVC.swift in Sources */,
				F8C8099521404F6D008FBC44 /* InterestCollectionViewCell.swift in Sources */,
				F8CE79A52145864300B965B8 /* EventCalloutView.swift in Sources */,
				F8C809A021408004008FBC44 /* StoriesCollectionViewCell.swift in Sources */,
				F83598D1213BCE1700BFF1D8 /* CustomView.swift in Sources */,
				F802D30F2142F118001934A2 /* RoundedButton.swift in Sources */,
				F838AD2521A96803007278A3 /* CategoryListTableViewCell.swift in Sources */,
				F814588421A8775D001DAA18 /* CategoryTableViewController.swift in Sources */,
				F802D30D2142EAB0001934A2 /* MyInterestTableViewCell.swift in Sources */,
				F809ED35213D8D88007280E5 /* SideMenuTVC.swift in Sources */,
				F8C80982213F0249008FBC44 /* RoundedImage.swift in Sources */,
				F809ED3C213D9034007280E5 /* SignUpVC.swift in Sources */,
				F8C80980213F009D008FBC44 /* ProfileTVC.swift in Sources */,
				F836C104213AFF76005A86F8 /* AppDelegate.swift in Sources */,
				F8C8098A213F0947008FBC44 /* InterestCVC.swift in Sources */,
				F8BACEE3216D4F22007FA7EF /* NotificationViewController.swift in Sources */,
				F8BACEE5216D5DED007FA7EF /* Notification.swift in Sources */,
				F802D30A2142CEA8001934A2 /* RoundedLabel.swift in Sources */,
				F802D31121443369001934A2 /* RoundedView.swift in Sources */,
				F802D3182144FE85001934A2 /* ActivityRightSideMenuVC.swift in Sources */,
				F874ADD2216BACF7007873FE /* ActivityRightSideMenuTableViewCell.swift in Sources */,
				F8C80999214069CB008FBC44 /* AdsCollectionViewCell.swift in Sources */,
				F809ED41213D918A007280E5 /* AdsVC.swift in Sources */,
				F867093B213EFB48004CAD58 /* RedSmallButton.swift in Sources */,
				F8670935213EDE24004CAD58 /* MyFavouriteVC.swift in Sources */,
				F8CE799D21457F5700B965B8 /* Event.swift in Sources */,
				F809ED3A213D8F29007280E5 /* LoginVC.swift in Sources */,
				F87BB8A321481D2F00D21AF6 /* User.swift in Sources */,
				F8CE79A02145815700B965B8 /* AnnotationView.swift in Sources */,
				F8BACEE1216D4E9F007FA7EF /* NotificationTableViewCell.swift in Sources */,
				F838AD2321A966E0007278A3 /* CategoryListViewController.swift in Sources */,
				F802D3082142C9A0001934A2 /* TopInterestCollectionViewCell.swift in Sources */,
				F8670939213EDEA0004CAD58 /* NotificationTVC.swift in Sources */,
				F8C8099C21406E65008FBC44 /* JointCollectionViewCell.swift in Sources */,
				F809ED45213D91D1007280E5 /* JointVC.swift in Sources */,
				F809ED33213D85C4007280E5 /* HomeTVC.swift in Sources */,
				F895CCD82162A4DA00EAB847 /* JointInterest.swift in Sources */,
				F8670937213EDE63004CAD58 /* AccountTVC.swift in Sources */,
				F83598D3213BD02200BFF1D8 /* CustomTextField.swift in Sources */,
				F8C8098C213F095D008FBC44 /* FollowersCVC.swift in Sources */,
				F809ED2F213C72EE007280E5 /* SWRevealViewController.m in Sources */,
				F835E3A8213DBAC900901CFF /* DiscoveryCollectionViewCell.swift in Sources */,
			);
			runOnlyForDeploymentPostprocessing = 0;
		};
/* End PBXSourcesBuildPhase section */

/* Begin PBXVariantGroup section */
		F836C107213AFF76005A86F8 /* Main.storyboard */ = {
			isa = PBXVariantGroup;
			children = (
				F836C108213AFF76005A86F8 /* Base */,
			);
			name = Main.storyboard;
			sourceTree = "<group>";
		};
		F836C10C213AFF78005A86F8 /* LaunchScreen.storyboard */ = {
			isa = PBXVariantGroup;
			children = (
				F836C10D213AFF78005A86F8 /* Base */,
			);
			name = LaunchScreen.storyboard;
			sourceTree = "<group>";
		};
/* End PBXVariantGroup section */

/* Begin XCBuildConfiguration section */
		F836C110213AFF78005A86F8 /* Debug */ = {
			isa = XCBuildConfiguration;
			buildSettings = {
				ALWAYS_SEARCH_USER_PATHS = NO;
				CLANG_ANALYZER_NONNULL = YES;
				CLANG_ANALYZER_NUMBER_OBJECT_CONVERSION = YES_AGGRESSIVE;
				CLANG_CXX_LANGUAGE_STANDARD = "gnu++14";
				CLANG_CXX_LIBRARY = "libc++";
				CLANG_ENABLE_MODULES = YES;
				CLANG_ENABLE_OBJC_ARC = YES;
				CLANG_ENABLE_OBJC_WEAK = YES;
				CLANG_WARN_BLOCK_CAPTURE_AUTORELEASING = YES;
				CLANG_WARN_BOOL_CONVERSION = YES;
				CLANG_WARN_COMMA = YES;
				CLANG_WARN_CONSTANT_CONVERSION = YES;
				CLANG_WARN_DEPRECATED_OBJC_IMPLEMENTATIONS = YES;
				CLANG_WARN_DIRECT_OBJC_ISA_USAGE = YES_ERROR;
				CLANG_WARN_DOCUMENTATION_COMMENTS = YES;
				CLANG_WARN_EMPTY_BODY = YES;
				CLANG_WARN_ENUM_CONVERSION = YES;
				CLANG_WARN_INFINITE_RECURSION = YES;
				CLANG_WARN_INT_CONVERSION = YES;
				CLANG_WARN_NON_LITERAL_NULL_CONVERSION = YES;
				CLANG_WARN_OBJC_IMPLICIT_RETAIN_SELF = YES;
				CLANG_WARN_OBJC_LITERAL_CONVERSION = YES;
				CLANG_WARN_OBJC_ROOT_CLASS = YES_ERROR;
				CLANG_WARN_RANGE_LOOP_ANALYSIS = YES;
				CLANG_WARN_STRICT_PROTOTYPES = YES;
				CLANG_WARN_SUSPICIOUS_MOVE = YES;
				CLANG_WARN_UNGUARDED_AVAILABILITY = YES_AGGRESSIVE;
				CLANG_WARN_UNREACHABLE_CODE = YES;
				CLANG_WARN__DUPLICATE_METHOD_MATCH = YES;
				CODE_SIGN_IDENTITY = "iPhone Developer";
				COPY_PHASE_STRIP = NO;
				DEBUG_INFORMATION_FORMAT = dwarf;
				ENABLE_STRICT_OBJC_MSGSEND = YES;
				ENABLE_TESTABILITY = YES;
				GCC_C_LANGUAGE_STANDARD = gnu11;
				GCC_DYNAMIC_NO_PIC = NO;
				GCC_NO_COMMON_BLOCKS = YES;
				GCC_OPTIMIZATION_LEVEL = 0;
				GCC_PREPROCESSOR_DEFINITIONS = (
					"DEBUG=1",
					"$(inherited)",
				);
				GCC_WARN_64_TO_32_BIT_CONVERSION = YES;
				GCC_WARN_ABOUT_RETURN_TYPE = YES_ERROR;
				GCC_WARN_UNDECLARED_SELECTOR = YES;
				GCC_WARN_UNINITIALIZED_AUTOS = YES_AGGRESSIVE;
				GCC_WARN_UNUSED_FUNCTION = YES;
				GCC_WARN_UNUSED_VARIABLE = YES;
				IPHONEOS_DEPLOYMENT_TARGET = 11.4;
				MTL_ENABLE_DEBUG_INFO = YES;
				ONLY_ACTIVE_ARCH = YES;
				SDKROOT = iphoneos;
				SWIFT_ACTIVE_COMPILATION_CONDITIONS = DEBUG;
				SWIFT_OPTIMIZATION_LEVEL = "-Onone";
			};
			name = Debug;
		};
		F836C111213AFF78005A86F8 /* Release */ = {
			isa = XCBuildConfiguration;
			buildSettings = {
				ALWAYS_SEARCH_USER_PATHS = NO;
				CLANG_ANALYZER_NONNULL = YES;
				CLANG_ANALYZER_NUMBER_OBJECT_CONVERSION = YES_AGGRESSIVE;
				CLANG_CXX_LANGUAGE_STANDARD = "gnu++14";
				CLANG_CXX_LIBRARY = "libc++";
				CLANG_ENABLE_MODULES = YES;
				CLANG_ENABLE_OBJC_ARC = YES;
				CLANG_ENABLE_OBJC_WEAK = YES;
				CLANG_WARN_BLOCK_CAPTURE_AUTORELEASING = YES;
				CLANG_WARN_BOOL_CONVERSION = YES;
				CLANG_WARN_COMMA = YES;
				CLANG_WARN_CONSTANT_CONVERSION = YES;
				CLANG_WARN_DEPRECATED_OBJC_IMPLEMENTATIONS = YES;
				CLANG_WARN_DIRECT_OBJC_ISA_USAGE = YES_ERROR;
				CLANG_WARN_DOCUMENTATION_COMMENTS = YES;
				CLANG_WARN_EMPTY_BODY = YES;
				CLANG_WARN_ENUM_CONVERSION = YES;
				CLANG_WARN_INFINITE_RECURSION = YES;
				CLANG_WARN_INT_CONVERSION = YES;
				CLANG_WARN_NON_LITERAL_NULL_CONVERSION = YES;
				CLANG_WARN_OBJC_IMPLICIT_RETAIN_SELF = YES;
				CLANG_WARN_OBJC_LITERAL_CONVERSION = YES;
				CLANG_WARN_OBJC_ROOT_CLASS = YES_ERROR;
				CLANG_WARN_RANGE_LOOP_ANALYSIS = YES;
				CLANG_WARN_STRICT_PROTOTYPES = YES;
				CLANG_WARN_SUSPICIOUS_MOVE = YES;
				CLANG_WARN_UNGUARDED_AVAILABILITY = YES_AGGRESSIVE;
				CLANG_WARN_UNREACHABLE_CODE = YES;
				CLANG_WARN__DUPLICATE_METHOD_MATCH = YES;
				CODE_SIGN_IDENTITY = "iPhone Developer";
				COPY_PHASE_STRIP = NO;
				DEBUG_INFORMATION_FORMAT = "dwarf-with-dsym";
				ENABLE_NS_ASSERTIONS = NO;
				ENABLE_STRICT_OBJC_MSGSEND = YES;
				GCC_C_LANGUAGE_STANDARD = gnu11;
				GCC_NO_COMMON_BLOCKS = YES;
				GCC_WARN_64_TO_32_BIT_CONVERSION = YES;
				GCC_WARN_ABOUT_RETURN_TYPE = YES_ERROR;
				GCC_WARN_UNDECLARED_SELECTOR = YES;
				GCC_WARN_UNINITIALIZED_AUTOS = YES_AGGRESSIVE;
				GCC_WARN_UNUSED_FUNCTION = YES;
				GCC_WARN_UNUSED_VARIABLE = YES;
				IPHONEOS_DEPLOYMENT_TARGET = 11.4;
				MTL_ENABLE_DEBUG_INFO = NO;
				SDKROOT = iphoneos;
				SWIFT_COMPILATION_MODE = wholemodule;
				SWIFT_OPTIMIZATION_LEVEL = "-O";
				VALIDATE_PRODUCT = YES;
			};
			name = Release;
		};
		F836C113213AFF78005A86F8 /* Debug */ = {
			isa = XCBuildConfiguration;
			baseConfigurationReference = 545E1CDABABA27ED5C531E15 /* Pods-Notify Nearby Redesign.debug.xcconfig */;
			buildSettings = {
				ASSETCATALOG_COMPILER_APPICON_NAME = AppIcon;
				CLANG_ENABLE_MODULES = YES;
				CODE_SIGN_ENTITLEMENTS = "Notify Nearby Redesign/Notify Nearby Redesign.entitlements";
				CODE_SIGN_STYLE = Automatic;
				DEVELOPMENT_TEAM = W74E9N67SP;
				INFOPLIST_FILE = "Notify Nearby Redesign/Info.plist";
				IPHONEOS_DEPLOYMENT_TARGET = 12.1;
				LD_RUNPATH_SEARCH_PATHS = (
					"$(inherited)",
					"@executable_path/Frameworks",
				);
				PRODUCT_BUNDLE_IDENTIFIER = "com.fyp.Notify-Nearby-Redesign";
				PRODUCT_NAME = "$(TARGET_NAME)";
				SWIFT_OBJC_BRIDGING_HEADER = "Notify Nearby Redesign/Notify Nearby Redesign-Bridging-Header.h";
				SWIFT_OPTIMIZATION_LEVEL = "-Onone";
				SWIFT_VERSION = 4.0;
				TARGETED_DEVICE_FAMILY = "1,2";
			};
			name = Debug;
		};
		F836C114213AFF78005A86F8 /* Release */ = {
			isa = XCBuildConfiguration;
			baseConfigurationReference = 3E7B8CAEC84FC85C69208E17 /* Pods-Notify Nearby Redesign.release.xcconfig */;
			buildSettings = {
				ASSETCATALOG_COMPILER_APPICON_NAME = AppIcon;
				CLANG_ENABLE_MODULES = YES;
				CODE_SIGN_ENTITLEMENTS = "Notify Nearby Redesign/Notify Nearby Redesign.entitlements";
				CODE_SIGN_STYLE = Automatic;
				DEVELOPMENT_TEAM = W74E9N67SP;
				INFOPLIST_FILE = "Notify Nearby Redesign/Info.plist";
				IPHONEOS_DEPLOYMENT_TARGET = 12.1;
				LD_RUNPATH_SEARCH_PATHS = (
					"$(inherited)",
					"@executable_path/Frameworks",
				);
				PRODUCT_BUNDLE_IDENTIFIER = "com.fyp.Notify-Nearby-Redesign";
				PRODUCT_NAME = "$(TARGET_NAME)";
				SWIFT_OBJC_BRIDGING_HEADER = "Notify Nearby Redesign/Notify Nearby Redesign-Bridging-Header.h";
				SWIFT_VERSION = 4.0;
				TARGETED_DEVICE_FAMILY = "1,2";
			};
			name = Release;
		};
/* End XCBuildConfiguration section */

/* Begin XCConfigurationList section */
		F836C0FB213AFF76005A86F8 /* Build configuration list for PBXProject "Notify Nearby Redesign" */ = {
			isa = XCConfigurationList;
			buildConfigurations = (
				F836C110213AFF78005A86F8 /* Debug */,
				F836C111213AFF78005A86F8 /* Release */,
			);
			defaultConfigurationIsVisible = 0;
			defaultConfigurationName = Release;
		};
		F836C112213AFF78005A86F8 /* Build configuration list for PBXNativeTarget "Notify Nearby Redesign" */ = {
			isa = XCConfigurationList;
			buildConfigurations = (
				F836C113213AFF78005A86F8 /* Debug */,
				F836C114213AFF78005A86F8 /* Release */,
			);
			defaultConfigurationIsVisible = 0;
			defaultConfigurationName = Release;
		};
/* End XCConfigurationList section */
	};
	rootObject = F836C0F8213AFF76005A86F8 /* Project object */;
}
